
Microsoft Visual Studio Solution File, Format Version 12.00
# Visual Studio 2013
VisualStudioVersion = 12.0.30723.0
MinimumVisualStudioVersion = 10.0.40219.1
Project("{FAE04EC0-301F-11D3-BF4B-00C04F79EFBC}") = "ACME.BL", "ACME.BL\ACME.BL.csproj", "{1FAB62C5-9C58-413F-BE0F-282D7E0DC145}"
EndProject
Project("{2150E333-8FDC-42A3-9474-1A3956D46DE8}") = "Tests", "Tests", "{D48CA894-3D50-47D7-884C-61A093951ECA}"
EndProject
Project("{FAE04EC0-301F-11D3-BF4B-00C04F79EFBC}") = "ACME.BLTest", "ACME.BLTest\ACME.BLTest.csproj", "{D150A4C7-79B6-4243-88EB-DA7FDC2769A9}"
EndProject
Project("{FAE04EC0-301F-11D3-BF4B-00C04F79EFBC}") = "ACME.Common", "ACME.Common\ACME.Common.csproj", "{7B4B631D-8962-44CD-95C0-F61C6DA723AE}"
EndProject
Project("{FAE04EC0-301F-11D3-BF4B-00C04F79EFBC}") = "ACME.CommonTest", "ACME.CommonTest\ACME.CommonTest.csproj", "{17387985-755B-4BCB-B3AE-0834A25547E1}"
EndProject
Project("{FAE04EC0-301F-11D3-BF4B-00C04F79EFBC}") = "ACME.Win", "ACME.Win\ACME.Win.csproj", "{F0F1542A-916F-4927-A67C-74D635E97B52}"
EndProject
Project("{FAE04EC0-301F-11D3-BF4B-00C04F79EFBC}") = "DateJSON", "DateJSON\DateJSON\DateJSON.csproj", "{774C01CD-EED8-426A-832D-04D255103112}"
EndProject
Global
	GlobalSection(SolutionConfigurationPlatforms) = preSolution
		Debug|Any CPU = Debug|Any CPU
		Release|Any CPU = Release|Any CPU
	EndGlobalSection
	GlobalSection(ProjectConfigurationPlatforms) = postSolution
		{1FAB62C5-9C58-413F-BE0F-282D7E0DC145}.Debug|Any CPU.ActiveCfg = Debug|Any CPU
		{1FAB62C5-9C58-413F-BE0F-282D7E0DC145}.Debug|Any CPU.Build.0 = Debug|Any CPU
		{1FAB62C5-9C58-413F-BE0F-282D7E0DC145}.Release|Any CPU.ActiveCfg = Release|Any CPU
		{1FAB62C5-9C58-413F-BE0F-282D7E0DC145}.Release|Any CPU.Build.0 = Release|Any CPU
		{D150A4C7-79B6-4243-88EB-DA7FDC2769A9}.Debug|Any CPU.ActiveCfg = Debug|Any CPU
		{D150A4C7-79B6-4243-88EB-DA7FDC2769A9}.Debug|Any CPU.Build.0 = Debug|Any CPU
		{D150A4C7-79B6-4243-88EB-DA7FDC2769A9}.Release|Any CPU.ActiveCfg = Release|Any CPU
		{D150A4C7-79B6-4243-88EB-DA7FDC2769A9}.Release|Any CPU.Build.0 = Release|Any CPU
		{7B4B631D-8962-44CD-95C0-F61C6DA723AE}.Debug|Any CPU.ActiveCfg = Debug|Any CPU
		{7B4B631D-8962-44CD-95C0-F61C6DA723AE}.Debug|Any CPU.Build.0 = Debug|Any CPU
		{7B4B631D-8962-44CD-95C0-F61C6DA723AE}.Release|Any CPU.ActiveCfg = Release|Any CPU
		{7B4B631D-8962-44CD-95C0-F61C6DA723AE}.Release|Any CPU.Build.0 = Release|Any CPU
		{17387985-755B-4BCB-B3AE-0834A25547E1}.Debug|Any CPU.ActiveCfg = Debug|Any CPU
		{17387985-755B-4BCB-B3AE-0834A25547E1}.Debug|Any CPU.Build.0 = Debug|Any CPU
		{17387985-755B-4BCB-B3AE-0834A25547E1}.Release|Any CPU.ActiveCfg = Release|Any CPU
		{17387985-755B-4BCB-B3AE-0834A25547E1}.Release|Any CPU.Build.0 = Release|Any CPU
		{F0F1542A-916F-4927-A67C-74D635E97B52}.Debug|Any CPU.ActiveCfg = Debug|Any CPU
		{F0F1542A-916F-4927-A67C-74D635E97B52}.Debug|Any CPU.Build.0 = Debug|Any CPU
		{F0F1542A-916F-4927-A67C-74D635E97B52}.Release|Any CPU.ActiveCfg = Release|Any CPU
		{F0F1542A-916F-4927-A67C-74D635E97B52}.Release|Any CPU.Build.0 = Release|Any CPU
		{774C01CD-EED8-426A-832D-04D255103112}.Debug|Any CPU.ActiveCfg = Debug|Any CPU
		{774C01CD-EED8-426A-832D-04D255103112}.Debug|Any CPU.Build.0 = Debug|Any CPU
		{774C01CD-EED8-426A-832D-04D255103112}.Release|Any CPU.ActiveCfg = Release|Any CPU
		{774C01CD-EED8-426A-832D-04D255103112}.Release|Any CPU.Build.0 = Release|Any CPU
	EndGlobalSection
	GlobalSection(SolutionProperties) = preSolution
		HideSolutionNode = FALSE
	EndGlobalSection
	GlobalSection(NestedProjects) = preSolution
		{D150A4C7-79B6-4243-88EB-DA7FDC2769A9} = {D48CA894-3D50-47D7-884C-61A093951ECA}
		{17387985-755B-4BCB-B3AE-0834A25547E1} = {D48CA894-3D50-47D7-884C-61A093951ECA}
	EndGlobalSection
EndGlobal
